PODS:
  - IQKeyboardManager (6.3.0)
  - Masonry (1.1.0)
  - RZColorful (1.2.3):
    - RZColorful/AttributeCore (= 1.2.3)
    - RZColorful/UICore (= 1.2.3)
  - RZColorful/AttributeCore (1.2.3)
  - RZColorful/UICore (1.2.3):
    - RZColorful/AttributeCore
  - TZImagePickerController (3.2.0)

DEPENDENCIES:
  - IQKeyboardManager
  - Masonry
  - RZColorful
  - TZImagePickerController

SPEC REPOS:
  https://github.com/cocoapods/specs.git:
    - IQKeyboardManager
    - Masonry
    - RZColorful
    - TZImagePickerController

SPEC CHECKSUMS:
  IQKeyboardManager: 2ca9d64893247556f53523dcd8d78641f0ba7c23
  Masonry: 678fab65091a9290e40e2832a55e7ab731aad201
  RZColorful: c25258ebcde3763755593ecba195434d92f848e6
  TZImagePickerController: 7850b158d025065b162a1a963d445040b828abc9

PODFILE CHECKSUM: 430a6d58031bea85e793b245cc5363b18a1fb65c

COCOAPODS: 1.7.0.rc.1
