// !$*UTF8*$!
{
	archiveVersion = 1;
	classes = {
	};
	objectVersion = 50;
	objects = {

/* Begin PBXBuildFile section */
		8498728E21C89CA8002F0904 /* RZRichItemCell.m in Sources */ = {isa = PBXBuildFile; fileRef = 8498728D21C89CA8002F0904 /* RZRichItemCell.m */; };
		8498729421C8ED6E002F0904 /* RZRichResource.bundle in Resources */ = {isa = PBXBuildFile; fileRef = 8498729321C8ED6E002F0904 /* RZRichResource.bundle */; };
		8498729721CA36F9002F0904 /* RZRichItemView.m in Sources */ = {isa = PBXBuildFile; fileRef = 8498729621CA36F8002F0904 /* RZRichItemView.m */; };
		84A283BE21C39BDE00D6E278 /* AppDelegate.m in Sources */ = {isa = PBXBuildFile; fileRef = 84A283BD21C39BDE00D6E278 /* AppDelegate.m */; };
		84A283C121C39BDE00D6E278 /* ViewController.m in Sources */ = {isa = PBXBuildFile; fileRef = 84A283C021C39BDE00D6E278 /* ViewController.m */; };
		84A283C421C39BDE00D6E278 /* Main.storyboard in Resources */ = {isa = PBXBuildFile; fileRef = 84A283C221C39BDE00D6E278 /* Main.storyboard */; };
		84A283C621C39BE200D6E278 /* Assets.xcassets in Resources */ = {isa = PBXBuildFile; fileRef = 84A283C521C39BE200D6E278 /* Assets.xcassets */; };
		84A283C921C39BE200D6E278 /* LaunchScreen.storyboard in Resources */ = {isa = PBXBuildFile; fileRef = 84A283C721C39BE200D6E278 /* LaunchScreen.storyboard */; };
		84A283CC21C39BE200D6E278 /* main.m in Sources */ = {isa = PBXBuildFile; fileRef = 84A283CB21C39BE200D6E278 /* main.m */; };
		84A283D521C39DD200D6E278 /* RZRichTextView.m in Sources */ = {isa = PBXBuildFile; fileRef = 84A283D421C39DD200D6E278 /* RZRichTextView.m */; };
		84A283D921C39E3800D6E278 /* RZRichTextEditBar.m in Sources */ = {isa = PBXBuildFile; fileRef = 84A283D821C39E3800D6E278 /* RZRichTextEditBar.m */; };
		84A283E021C3A12400D6E278 /* RZRichTextContent.m in Sources */ = {isa = PBXBuildFile; fileRef = 84A283DF21C3A12400D6E278 /* RZRichTextContent.m */; };
		84A283E321C3B3CD00D6E278 /* RZRichTextViewModel.m in Sources */ = {isa = PBXBuildFile; fileRef = 84A283E221C3B3CD00D6E278 /* RZRichTextViewModel.m */; };
		84D6185C21CB27C200109AFD /* RZRichItemConfigure.m in Sources */ = {isa = PBXBuildFile; fileRef = 84D6185B21CB27C200109AFD /* RZRichItemConfigure.m */; };
		84DD855C21CC8394008BFBCD /* UIView+RZFrame.m in Sources */ = {isa = PBXBuildFile; fileRef = 84DD855B21CC8394008BFBCD /* UIView+RZFrame.m */; };
		E55FF6483E082D406CDF6A88 /* libPods-RZRichTextView.a in Frameworks */ = {isa = PBXBuildFile; fileRef = 296240F714171B63FF529D0D /* libPods-RZRichTextView.a */; };
/* End PBXBuildFile section */

/* Begin PBXFileReference section */
		16B25C33ED09F0CED3330143 /* Pods-RZRichTextView.release.xcconfig */ = {isa = PBXFileReference; includeInIndex = 1; lastKnownFileType = text.xcconfig; name = "Pods-RZRichTextView.release.xcconfig"; path = "Pods/Target Support Files/Pods-RZRichTextView/Pods-RZRichTextView.release.xcconfig"; sourceTree = "<group>"; };
		296240F714171B63FF529D0D /* libPods-RZRichTextView.a */ = {isa = PBXFileReference; explicitFileType = archive.ar; includeInIndex = 0; path = "libPods-RZRichTextView.a"; sourceTree = BUILT_PRODUCTS_DIR; };
		8498728C21C89CA8002F0904 /* RZRichItemCell.h */ = {isa = PBXFileReference; lastKnownFileType = sourcecode.c.h; path = RZRichItemCell.h; sourceTree = "<group>"; };
		8498728D21C89CA8002F0904 /* RZRichItemCell.m */ = {isa = PBXFileReference; lastKnownFileType = sourcecode.c.objc; path = RZRichItemCell.m; sourceTree = "<group>"; };
		8498729321C8ED6E002F0904 /* RZRichResource.bundle */ = {isa = PBXFileReference; lastKnownFileType = "wrapper.plug-in"; path = RZRichResource.bundle; sourceTree = "<group>"; };
		8498729521CA36F8002F0904 /* RZRichItemView.h */ = {isa = PBXFileReference; lastKnownFileType = sourcecode.c.h; path = RZRichItemView.h; sourceTree = "<group>"; };
		8498729621CA36F8002F0904 /* RZRichItemView.m */ = {isa = PBXFileReference; lastKnownFileType = sourcecode.c.objc; path = RZRichItemView.m; sourceTree = "<group>"; };
		84A283B921C39BDE00D6E278 /* RZRichTextView.app */ = {isa = PBXFileReference; explicitFileType = wrapper.application; includeInIndex = 0; path = RZRichTextView.app; sourceTree = BUILT_PRODUCTS_DIR; };
		84A283BC21C39BDE00D6E278 /* AppDelegate.h */ = {isa = PBXFileReference; lastKnownFileType = sourcecode.c.h; path = AppDelegate.h; sourceTree = "<group>"; };
		84A283BD21C39BDE00D6E278 /* AppDelegate.m */ = {isa = PBXFileReference; lastKnownFileType = sourcecode.c.objc; path = AppDelegate.m; sourceTree = "<group>"; };
		84A283BF21C39BDE00D6E278 /* ViewController.h */ = {isa = PBXFileReference; lastKnownFileType = sourcecode.c.h; path = ViewController.h; sourceTree = "<group>"; };
		84A283C021C39BDE00D6E278 /* ViewController.m */ = {isa = PBXFileReference; lastKnownFileType = sourcecode.c.objc; path = ViewController.m; sourceTree = "<group>"; };
		84A283C321C39BDE00D6E278 /* Base */ = {isa = PBXFileReference; lastKnownFileType = file.storyboard; name = Base; path = Base.lproj/Main.storyboard; sourceTree = "<group>"; };
		84A283C521C39BE200D6E278 /* Assets.xcassets */ = {isa = PBXFileReference; lastKnownFileType = folder.assetcatalog; path = Assets.xcassets; sourceTree = "<group>"; };
		84A283C821C39BE200D6E278 /* Base */ = {isa = PBXFileReference; lastKnownFileType = file.storyboard; name = Base; path = Base.lproj/LaunchScreen.storyboard; sourceTree = "<group>"; };
		84A283CA21C39BE200D6E278 /* Info.plist */ = {isa = PBXFileReference; lastKnownFileType = text.plist.xml; path = Info.plist; sourceTree = "<group>"; };
		84A283CB21C39BE200D6E278 /* main.m */ = {isa = PBXFileReference; lastKnownFileType = sourcecode.c.objc; path = main.m; sourceTree = "<group>"; };
		84A283D321C39DD200D6E278 /* RZRichTextView.h */ = {isa = PBXFileReference; lastKnownFileType = sourcecode.c.h; path = RZRichTextView.h; sourceTree = "<group>"; };
		84A283D421C39DD200D6E278 /* RZRichTextView.m */ = {isa = PBXFileReference; lastKnownFileType = sourcecode.c.objc; path = RZRichTextView.m; sourceTree = "<group>"; };
		84A283D721C39E3800D6E278 /* RZRichTextEditBar.h */ = {isa = PBXFileReference; lastKnownFileType = sourcecode.c.h; path = RZRichTextEditBar.h; sourceTree = "<group>"; };
		84A283D821C39E3800D6E278 /* RZRichTextEditBar.m */ = {isa = PBXFileReference; lastKnownFileType = sourcecode.c.objc; path = RZRichTextEditBar.m; sourceTree = "<group>"; };
		84A283DE21C3A12400D6E278 /* RZRichTextContent.h */ = {isa = PBXFileReference; lastKnownFileType = sourcecode.c.h; path = RZRichTextContent.h; sourceTree = "<group>"; };
		84A283DF21C3A12400D6E278 /* RZRichTextContent.m */ = {isa = PBXFileReference; lastKnownFileType = sourcecode.c.objc; path = RZRichTextContent.m; sourceTree = "<group>"; };
		84A283E121C3B3CD00D6E278 /* RZRichTextViewModel.h */ = {isa = PBXFileReference; lastKnownFileType = sourcecode.c.h; path = RZRichTextViewModel.h; sourceTree = "<group>"; };
		84A283E221C3B3CD00D6E278 /* RZRichTextViewModel.m */ = {isa = PBXFileReference; lastKnownFileType = sourcecode.c.objc; path = RZRichTextViewModel.m; sourceTree = "<group>"; };
		84D6185A21CB27C200109AFD /* RZRichItemConfigure.h */ = {isa = PBXFileReference; lastKnownFileType = sourcecode.c.h; path = RZRichItemConfigure.h; sourceTree = "<group>"; };
		84D6185B21CB27C200109AFD /* RZRichItemConfigure.m */ = {isa = PBXFileReference; lastKnownFileType = sourcecode.c.objc; path = RZRichItemConfigure.m; sourceTree = "<group>"; };
		84DD855A21CC8394008BFBCD /* UIView+RZFrame.h */ = {isa = PBXFileReference; lastKnownFileType = sourcecode.c.h; path = "UIView+RZFrame.h"; sourceTree = "<group>"; };
		84DD855B21CC8394008BFBCD /* UIView+RZFrame.m */ = {isa = PBXFileReference; lastKnownFileType = sourcecode.c.objc; path = "UIView+RZFrame.m"; sourceTree = "<group>"; };
		B6A86C9E0383A49CA7C8DD60 /* Pods-RZRichTextView.debug.xcconfig */ = {isa = PBXFileReference; includeInIndex = 1; lastKnownFileType = text.xcconfig; name = "Pods-RZRichTextView.debug.xcconfig"; path = "Pods/Target Support Files/Pods-RZRichTextView/Pods-RZRichTextView.debug.xcconfig"; sourceTree = "<group>"; };
/* End PBXFileReference section */

/* Begin PBXFrameworksBuildPhase section */
		84A283B621C39BDE00D6E278 /* Frameworks */ = {
			isa = PBXFrameworksBuildPhase;
			buildActionMask = 2147483647;
			files = (
				E55FF6483E082D406CDF6A88 /* libPods-RZRichTextView.a in Frameworks */,
			);
			runOnlyForDeploymentPostprocessing = 0;
		};
/* End PBXFrameworksBuildPhase section */

/* Begin PBXGroup section */
		8498729221C8ED4D002F0904 /* Resource */ = {
			isa = PBXGroup;
			children = (
				8498729321C8ED6E002F0904 /* RZRichResource.bundle */,
			);
			path = Resource;
			sourceTree = "<group>";
		};
		84A283B021C39BDE00D6E278 = {
			isa = PBXGroup;
			children = (
				84A283BB21C39BDE00D6E278 /* RZRichTextView */,
				84A283BA21C39BDE00D6E278 /* Products */,
				D120A59E62684983258DE955 /* Pods */,
				86C367FB56CBC0DB08924FA0 /* Frameworks */,
			);
			sourceTree = "<group>";
		};
		84A283BA21C39BDE00D6E278 /* Products */ = {
			isa = PBXGroup;
			children = (
				84A283B921C39BDE00D6E278 /* RZRichTextView.app */,
			);
			name = Products;
			sourceTree = "<group>";
		};
		84A283BB21C39BDE00D6E278 /* RZRichTextView */ = {
			isa = PBXGroup;
			children = (
				84A283D221C39DC000D6E278 /* Core */,
				84A283BC21C39BDE00D6E278 /* AppDelegate.h */,
				84A283BD21C39BDE00D6E278 /* AppDelegate.m */,
				84A283BF21C39BDE00D6E278 /* ViewController.h */,
				84A283C021C39BDE00D6E278 /* ViewController.m */,
				84A283C221C39BDE00D6E278 /* Main.storyboard */,
				84A283C521C39BE200D6E278 /* Assets.xcassets */,
				84A283C721C39BE200D6E278 /* LaunchScreen.storyboard */,
				84A283CA21C39BE200D6E278 /* Info.plist */,
				84A283CB21C39BE200D6E278 /* main.m */,
			);
			path = RZRichTextView;
			sourceTree = "<group>";
		};
		84A283D221C39DC000D6E278 /* Core */ = {
			isa = PBXGroup;
			children = (
				8498729221C8ED4D002F0904 /* Resource */,
				84A283D621C39E2600D6E278 /* Depend */,
				84A283D321C39DD200D6E278 /* RZRichTextView.h */,
				84A283D421C39DD200D6E278 /* RZRichTextView.m */,
			);
			path = Core;
			sourceTree = "<group>";
		};
		84A283D621C39E2600D6E278 /* Depend */ = {
			isa = PBXGroup;
			children = (
				84A283D721C39E3800D6E278 /* RZRichTextEditBar.h */,
				84A283D821C39E3800D6E278 /* RZRichTextEditBar.m */,
				84A283DE21C3A12400D6E278 /* RZRichTextContent.h */,
				84A283DF21C3A12400D6E278 /* RZRichTextContent.m */,
				84A283E121C3B3CD00D6E278 /* RZRichTextViewModel.h */,
				84A283E221C3B3CD00D6E278 /* RZRichTextViewModel.m */,
				8498728C21C89CA8002F0904 /* RZRichItemCell.h */,
				8498728D21C89CA8002F0904 /* RZRichItemCell.m */,
				8498729521CA36F8002F0904 /* RZRichItemView.h */,
				8498729621CA36F8002F0904 /* RZRichItemView.m */,
				84D6185A21CB27C200109AFD /* RZRichItemConfigure.h */,
				84D6185B21CB27C200109AFD /* RZRichItemConfigure.m */,
				84DD855A21CC8394008BFBCD /* UIView+RZFrame.h */,
				84DD855B21CC8394008BFBCD /* UIView+RZFrame.m */,
			);
			path = Depend;
			sourceTree = "<group>";
		};
		86C367FB56CBC0DB08924FA0 /* Frameworks */ = {
			isa = PBXGroup;
			children = (
				296240F714171B63FF529D0D /* libPods-RZRichTextView.a */,
			);
			name = Frameworks;
			sourceTree = "<group>";
		};
		D120A59E62684983258DE955 /* Pods */ = {
			isa = PBXGroup;
			children = (
				B6A86C9E0383A49CA7C8DD60 /* Pods-RZRichTextView.debug.xcconfig */,
				16B25C33ED09F0CED3330143 /* Pods-RZRichTextView.release.xcconfig */,
			);
			name = Pods;
			sourceTree = "<group>";
		};
/* End PBXGroup section */

/* Begin PBXNativeTarget section */
		84A283B821C39BDE00D6E278 /* RZRichTextView */ = {
			isa = PBXNativeTarget;
			buildConfigurationList = 84A283CF21C39BE200D6E278 /* Build configuration list for PBXNativeTarget "RZRichTextView" */;
			buildPhases = (
				8889E21845CB11936B2A97EA /* [CP] Check Pods Manifest.lock */,
				84A283B521C39BDE00D6E278 /* Sources */,
				84A283B621C39BDE00D6E278 /* Frameworks */,
				84A283B721C39BDE00D6E278 /* Resources */,
				BA859C3EE84A85305B50DF0D /* [CP] Copy Pods Resources */,
			);
			buildRules = (
			);
			dependencies = (
			);
			name = RZRichTextView;
			productName = RZRichTextView;
			productReference = 84A283B921C39BDE00D6E278 /* RZRichTextView.app */;
			productType = "com.apple.product-type.application";
		};
/* End PBXNativeTarget section */

/* Begin PBXProject section */
		84A283B121C39BDE00D6E278 /* Project object */ = {
			isa = PBXProject;
			attributes = {
				LastUpgradeCheck = 1010;
				ORGANIZATIONNAME = Rztime;
				TargetAttributes = {
					84A283B821C39BDE00D6E278 = {
						CreatedOnToolsVersion = 10.1;
					};
				};
			};
			buildConfigurationList = 84A283B421C39BDE00D6E278 /* Build configuration list for PBXProject "RZRichTextView" */;
			compatibilityVersion = "Xcode 9.3";
			developmentRegion = en;
			hasScannedForEncodings = 0;
			knownRegions = (
				en,
				Base,
			);
			mainGroup = 84A283B021C39BDE00D6E278;
			productRefGroup = 84A283BA21C39BDE00D6E278 /* Products */;
			projectDirPath = "";
			projectRoot = "";
			targets = (
				84A283B821C39BDE00D6E278 /* RZRichTextView */,
			);
		};
/* End PBXProject section */

/* Begin PBXResourcesBuildPhase section */
		84A283B721C39BDE00D6E278 /* Resources */ = {
			isa = PBXResourcesBuildPhase;
			buildActionMask = 2147483647;
			files = (
				84A283C921C39BE200D6E278 /* LaunchScreen.storyboard in Resources */,
				84A283C621C39BE200D6E278 /* Assets.xcassets in Resources */,
				84A283C421C39BDE00D6E278 /* Main.storyboard in Resources */,
				8498729421C8ED6E002F0904 /* RZRichResource.bundle in Resources */,
			);
			runOnlyForDeploymentPostprocessing = 0;
		};
/* End PBXResourcesBuildPhase section */

/* Begin PBXShellScriptBuildPhase section */
		8889E21845CB11936B2A97EA /* [CP] Check Pods Manifest.lock */ = {
			isa = PBXShellScriptBuildPhase;
			buildActionMask = 2147483647;
			files = (
			);
			inputPaths = (
				"${PODS_PODFILE_DIR_PATH}/Podfile.lock",
				"${PODS_ROOT}/Manifest.lock",
			);
			name = "[CP] Check Pods Manifest.lock";
			outputPaths = (
				"$(DERIVED_FILE_DIR)/Pods-RZRichTextView-checkManifestLockResult.txt",
			);
			runOnlyForDeploymentPostprocessing = 0;
			shellPath = /bin/sh;
			shellScript = "diff \"${PODS_PODFILE_DIR_PATH}/Podfile.lock\" \"${PODS_ROOT}/Manifest.lock\" > /dev/null\nif [ $? != 0 ] ; then\n    # print error to STDERR\n    echo \"error: The sandbox is not in sync with the Podfile.lock. Run 'pod install' or update your CocoaPods installation.\" >&2\n    exit 1\nfi\n# This output is used by Xcode 'outputs' to avoid re-running this script phase.\necho \"SUCCESS\" > \"${SCRIPT_OUTPUT_FILE_0}\"\n";
			showEnvVarsInLog = 0;
		};
		BA859C3EE84A85305B50DF0D /* [CP] Copy Pods Resources */ = {
			isa = PBXShellScriptBuildPhase;
			buildActionMask = 2147483647;
			files = (
			);
			inputPaths = (
				"${SRCROOT}/Pods/Target Support Files/Pods-RZRichTextView/Pods-RZRichTextView-resources.sh",
				"${PODS_ROOT}/IQKeyboardManager/IQKeyboardManager/Resources/IQKeyboardManager.bundle",
				"${PODS_ROOT}/TZImagePickerController/TZImagePickerController/TZImagePickerController/TZImagePickerController.bundle",
			);
			name = "[CP] Copy Pods Resources";
			outputPaths = (
				"${TARGET_BUILD_DIR}/${UNLOCALIZED_RESOURCES_FOLDER_PATH}/IQKeyboardManager.bundle",
				"${TARGET_BUILD_DIR}/${UNLOCALIZED_RESOURCES_FOLDER_PATH}/TZImagePickerController.bundle",
			);
			runOnlyForDeploymentPostprocessing = 0;
			shellPath = /bin/sh;
			shellScript = "\"${SRCROOT}/Pods/Target Support Files/Pods-RZRichTextView/Pods-RZRichTextView-resources.sh\"\n";
			showEnvVarsInLog = 0;
		};
/* End PBXShellScriptBuildPhase section */

/* Begin PBXSourcesBuildPhase section */
		84A283B521C39BDE00D6E278 /* Sources */ = {
			isa = PBXSourcesBuildPhase;
			buildActionMask = 2147483647;
			files = (
				84DD855C21CC8394008BFBCD /* UIView+RZFrame.m in Sources */,
				84A283C121C39BDE00D6E278 /* ViewController.m in Sources */,
				84A283D521C39DD200D6E278 /* RZRichTextView.m in Sources */,
				8498729721CA36F9002F0904 /* RZRichItemView.m in Sources */,
				8498728E21C89CA8002F0904 /* RZRichItemCell.m in Sources */,
				84A283CC21C39BE200D6E278 /* main.m in Sources */,
				84A283E321C3B3CD00D6E278 /* RZRichTextViewModel.m in Sources */,
				84D6185C21CB27C200109AFD /* RZRichItemConfigure.m in Sources */,
				84A283BE21C39BDE00D6E278 /* AppDelegate.m in Sources */,
				84A283E021C3A12400D6E278 /* RZRichTextContent.m in Sources */,
				84A283D921C39E3800D6E278 /* RZRichTextEditBar.m in Sources */,
			);
			runOnlyForDeploymentPostprocessing = 0;
		};
/* End PBXSourcesBuildPhase section */

/* Begin PBXVariantGroup section */
		84A283C221C39BDE00D6E278 /* Main.storyboard */ = {
			isa = PBXVariantGroup;
			children = (
				84A283C321C39BDE00D6E278 /* Base */,
			);
			name = Main.storyboard;
			sourceTree = "<group>";
		};
		84A283C721C39BE200D6E278 /* LaunchScreen.storyboard */ = {
			isa = PBXVariantGroup;
			children = (
				84A283C821C39BE200D6E278 /* Base */,
			);
			name = LaunchScreen.storyboard;
			sourceTree = "<group>";
		};
/* End PBXVariantGroup section */

/* Begin XCBuildConfiguration section */
		84A283CD21C39BE200D6E278 /* Debug */ = {
			isa = XCBuildConfiguration;
			buildSettings = {
				ALWAYS_SEARCH_USER_PATHS = NO;
				CLANG_ANALYZER_NONNULL = YES;
				CLANG_ANALYZER_NUMBER_OBJECT_CONVERSION = YES_AGGRESSIVE;
				CLANG_CXX_LANGUAGE_STANDARD = "gnu++14";
				CLANG_CXX_LIBRARY = "libc++";
				CLANG_ENABLE_MODULES = YES;
				CLANG_ENABLE_OBJC_ARC = YES;
				CLANG_ENABLE_OBJC_WEAK = YES;
				CLANG_WARN_BLOCK_CAPTURE_AUTORELEASING = YES;
				CLANG_WARN_BOOL_CONVERSION = YES;
				CLANG_WARN_COMMA = YES;
				CLANG_WARN_CONSTANT_CONVERSION = YES;
				CLANG_WARN_DEPRECATED_OBJC_IMPLEMENTATIONS = YES;
				CLANG_WARN_DIRECT_OBJC_ISA_USAGE = YES_ERROR;
				CLANG_WARN_DOCUMENTATION_COMMENTS = YES;
				CLANG_WARN_EMPTY_BODY = YES;
				CLANG_WARN_ENUM_CONVERSION = YES;
				CLANG_WARN_INFINITE_RECURSION = YES;
				CLANG_WARN_INT_CONVERSION = YES;
				CLANG_WARN_NON_LITERAL_NULL_CONVERSION = YES;
				CLANG_WARN_OBJC_IMPLICIT_RETAIN_SELF = YES;
				CLANG_WARN_OBJC_LITERAL_CONVERSION = YES;
				CLANG_WARN_OBJC_ROOT_CLASS = YES_ERROR;
				CLANG_WARN_RANGE_LOOP_ANALYSIS = YES;
				CLANG_WARN_STRICT_PROTOTYPES = YES;
				CLANG_WARN_SUSPICIOUS_MOVE = YES;
				CLANG_WARN_UNGUARDED_AVAILABILITY = YES_AGGRESSIVE;
				CLANG_WARN_UNREACHABLE_CODE = YES;
				CLANG_WARN__DUPLICATE_METHOD_MATCH = YES;
				CODE_SIGN_IDENTITY = "iPhone Developer";
				COPY_PHASE_STRIP = NO;
				DEBUG_INFORMATION_FORMAT = dwarf;
				ENABLE_STRICT_OBJC_MSGSEND = YES;
				ENABLE_TESTABILITY = YES;
				GCC_C_LANGUAGE_STANDARD = gnu11;
				GCC_DYNAMIC_NO_PIC = NO;
				GCC_NO_COMMON_BLOCKS = YES;
				GCC_OPTIMIZATION_LEVEL = 0;
				GCC_PREPROCESSOR_DEFINITIONS = (
					"DEBUG=1",
					"$(inherited)",
				);
				GCC_WARN_64_TO_32_BIT_CONVERSION = YES;
				GCC_WARN_ABOUT_RETURN_TYPE = YES_ERROR;
				GCC_WARN_UNDECLARED_SELECTOR = YES;
				GCC_WARN_UNINITIALIZED_AUTOS = YES_AGGRESSIVE;
				GCC_WARN_UNUSED_FUNCTION = YES;
				GCC_WARN_UNUSED_VARIABLE = YES;
				IPHONEOS_DEPLOYMENT_TARGET = 12.1;
				MTL_ENABLE_DEBUG_INFO = INCLUDE_SOURCE;
				MTL_FAST_MATH = YES;
				ONLY_ACTIVE_ARCH = YES;
				SDKROOT = iphoneos;
			};
			name = Debug;
		};
		84A283CE21C39BE200D6E278 /* Release */ = {
			isa = XCBuildConfiguration;
			buildSettings = {
				ALWAYS_SEARCH_USER_PATHS = NO;
				CLANG_ANALYZER_NONNULL = YES;
				CLANG_ANALYZER_NUMBER_OBJECT_CONVERSION = YES_AGGRESSIVE;
				CLANG_CXX_LANGUAGE_STANDARD = "gnu++14";
				CLANG_CXX_LIBRARY = "libc++";
				CLANG_ENABLE_MODULES = YES;
				CLANG_ENABLE_OBJC_ARC = YES;
				CLANG_ENABLE_OBJC_WEAK = YES;
				CLANG_WARN_BLOCK_CAPTURE_AUTORELEASING = YES;
				CLANG_WARN_BOOL_CONVERSION = YES;
				CLANG_WARN_COMMA = YES;
				CLANG_WARN_CONSTANT_CONVERSION = YES;
				CLANG_WARN_DEPRECATED_OBJC_IMPLEMENTATIONS = YES;
				CLANG_WARN_DIRECT_OBJC_ISA_USAGE = YES_ERROR;
				CLANG_WARN_DOCUMENTATION_COMMENTS = YES;
				CLANG_WARN_EMPTY_BODY = YES;
				CLANG_WARN_ENUM_CONVERSION = YES;
				CLANG_WARN_INFINITE_RECURSION = YES;
				CLANG_WARN_INT_CONVERSION = YES;
				CLANG_WARN_NON_LITERAL_NULL_CONVERSION = YES;
				CLANG_WARN_OBJC_IMPLICIT_RETAIN_SELF = YES;
				CLANG_WARN_OBJC_LITERAL_CONVERSION = YES;
				CLANG_WARN_OBJC_ROOT_CLASS = YES_ERROR;
				CLANG_WARN_RANGE_LOOP_ANALYSIS = YES;
				CLANG_WARN_STRICT_PROTOTYPES = YES;
				CLANG_WARN_SUSPICIOUS_MOVE = YES;
				CLANG_WARN_UNGUARDED_AVAILABILITY = YES_AGGRESSIVE;
				CLANG_WARN_UNREACHABLE_CODE = YES;
				CLANG_WARN__DUPLICATE_METHOD_MATCH = YES;
				CODE_SIGN_IDENTITY = "iPhone Developer";
				COPY_PHASE_STRIP = NO;
				DEBUG_INFORMATION_FORMAT = "dwarf-with-dsym";
				ENABLE_NS_ASSERTIONS = NO;
				ENABLE_STRICT_OBJC_MSGSEND = YES;
				GCC_C_LANGUAGE_STANDARD = gnu11;
				GCC_NO_COMMON_BLOCKS = YES;
				GCC_WARN_64_TO_32_BIT_CONVERSION = YES;
				GCC_WARN_ABOUT_RETURN_TYPE = YES_ERROR;
				GCC_WARN_UNDECLARED_SELECTOR = YES;
				GCC_WARN_UNINITIALIZED_AUTOS = YES_AGGRESSIVE;
				GCC_WARN_UNUSED_FUNCTION = YES;
				GCC_WARN_UNUSED_VARIABLE = YES;
				IPHONEOS_DEPLOYMENT_TARGET = 12.1;
				MTL_ENABLE_DEBUG_INFO = NO;
				MTL_FAST_MATH = YES;
				SDKROOT = iphoneos;
				VALIDATE_PRODUCT = YES;
			};
			name = Release;
		};
		84A283D021C39BE200D6E278 /* Debug */ = {
			isa = XCBuildConfiguration;
			baseConfigurationReference = B6A86C9E0383A49CA7C8DD60 /* Pods-RZRichTextView.debug.xcconfig */;
			buildSettings = {
				ASSETCATALOG_COMPILER_APPICON_NAME = AppIcon;
				CODE_SIGN_STYLE = Automatic;
				DEVELOPMENT_TEAM = LBSWTUGGNB;
				INFOPLIST_FILE = RZRichTextView/Info.plist;
				IPHONEOS_DEPLOYMENT_TARGET = 8.0;
				LD_RUNPATH_SEARCH_PATHS = (
					"$(inherited)",
					"@executable_path/Frameworks",
				);
				PRODUCT_BUNDLE_IDENTIFIER = com.rztime.RZRichTextView;
				PRODUCT_NAME = "$(TARGET_NAME)";
				TARGETED_DEVICE_FAMILY = "1,2";
			};
			name = Debug;
		};
		84A283D121C39BE200D6E278 /* Release */ = {
			isa = XCBuildConfiguration;
			baseConfigurationReference = 16B25C33ED09F0CED3330143 /* Pods-RZRichTextView.release.xcconfig */;
			buildSettings = {
				ASSETCATALOG_COMPILER_APPICON_NAME = AppIcon;
				CODE_SIGN_STYLE = Automatic;
				DEVELOPMENT_TEAM = LBSWTUGGNB;
				INFOPLIST_FILE = RZRichTextView/Info.plist;
				IPHONEOS_DEPLOYMENT_TARGET = 8.0;
				LD_RUNPATH_SEARCH_PATHS = (
					"$(inherited)",
					"@executable_path/Frameworks",
				);
				PRODUCT_BUNDLE_IDENTIFIER = com.rztime.RZRichTextView;
				PRODUCT_NAME = "$(TARGET_NAME)";
				TARGETED_DEVICE_FAMILY = "1,2";
			};
			name = Release;
		};
/* End XCBuildConfiguration section */

/* Begin XCConfigurationList section */
		84A283B421C39BDE00D6E278 /* Build configuration list for PBXProject "RZRichTextView" */ = {
			isa = XCConfigurationList;
			buildConfigurations = (
				84A283CD21C39BE200D6E278 /* Debug */,
				84A283CE21C39BE200D6E278 /* Release */,
			);
			defaultConfigurationIsVisible = 0;
			defaultConfigurationName = Release;
		};
		84A283CF21C39BE200D6E278 /* Build configuration list for PBXNativeTarget "RZRichTextView" */ = {
			isa = XCConfigurationList;
			buildConfigurations = (
				84A283D021C39BE200D6E278 /* Debug */,
				84A283D121C39BE200D6E278 /* Release */,
			);
			defaultConfigurationIsVisible = 0;
			defaultConfigurationName = Release;
		};
/* End XCConfigurationList section */
	};
	rootObject = 84A283B121C39BDE00D6E278 /* Project object */;
}
